# This file is automatically @generated by Cargo.
# It is not intended for manual editing.
version = 3

[[package]]
name = "chapter-eight"
version = "0.1.0"
dependencies = [
 "futures",
 "futures-core",
 "futures-util",
]

[[package]]
name = "either"
version = "1.4.0"
source = "registry+https://github.com/rust-lang/crates.io-index"
checksum = "740178ddf48b1a9e878e6d6509a1442a2d42fd2928aae8e7a6f8a36fb01981b3"

[[package]]
name = "futures"
version = "0.2.0-beta"
source = "registry+https://github.com/rust-lang/crates.io-index"
checksum = "45af3b9fb6f97c12f7a3af62e4c31df558931ae781834ead417abe04dcb9ec9f"
dependencies = [
 "futures-channel",
 "futures-core",
 "futures-executor",
 "futures-io",
 "futures-sink",
 "futures-stable",
 "futures-util",
]

[[package]]
name = "futures-channel"
version = "0.2.0-beta"
source = "registry+https://github.com/rust-lang/crates.io-index"
checksum = "e3feaa3c573e6998c2d41dfb940482b76c1ef9b9150f6446cf5f12060b9a2ab8"
dependencies = [
 "futures-core",
]

[[package]]
name = "futures-core"
version = "0.2.0-beta"
source = "registry+https://github.com/rust-lang/crates.io-index"
checksum = "90a83c1b1c895acbb7165f0057f6772523ca6df210730f74955c27449b5411cc"
dependencies = [
 "either",
 "pin-api",
]

[[package]]
name = "futures-executor"
version = "0.2.0-beta"
source = "registry+https://github.com/rust-lang/crates.io-index"
checksum = "936d1c79555e1cbd2dbc4b139420adb3a1ed64764779d8131d84045db26ddb92"
dependencies = [
 "futures-channel",
 "futures-core",
 "futures-util",
 "num_cpus",
]

[[package]]
name = "futures-io"
version = "0.2.0-beta"
source = "registry+https://github.com/rust-lang/crates.io-index"
checksum = "05423a90af7b3fa6ca88034f0806553a59235b1a1098e32c4ffcbecf83f33045"
dependencies = [
 "futures-core",
 "iovec",
]

[[package]]
name = "futures-sink"
version = "0.2.0-beta"
source = "registry+https://github.com/rust-lang/crates.io-index"
checksum = "c99954270203f2c4c38cb8c0819648e8600eb5dbebd03f6ec35268f16bd98018"
dependencies = [
 "futures-channel",
 "futures-core",
]

[[package]]
name = "futures-stable"
version = "0.2.0-beta"
source = "registry+https://github.com/rust-lang/crates.io-index"
checksum = "d736f069fc69cb99ce13daebfa0bde4ade0a3b9703cd8b7c8ec38a8577bb45f0"
dependencies = [
 "futures-core",
 "futures-executor",
 "pin-api",
]

[[package]]
name = "futures-util"
version = "0.2.0-beta"
source = "registry+https://github.com/rust-lang/crates.io-index"
checksum = "674f3ba0fbc1e544de9776fb9d1c5c1cd72c5e17f1523e409a1c5642b57a734e"
dependencies = [
 "either",
 "futures-channel",
 "futures-core",
 "futures-io",
 "futures-sink",
]

[[package]]
name = "iovec"
version = "0.1.2"
source = "registry+https://github.com/rust-lang/crates.io-index"
checksum = "dbe6e417e7d0975db6512b90796e8ce223145ac4e33c377e4a42882a0e88bb08"
dependencies = [
 "libc",
 "winapi",
]

[[package]]
name = "libc"
version = "0.2.37"
source = "registry+https://github.com/rust-lang/crates.io-index"
checksum = "56aebce561378d99a0bb578f8cb15b6114d2a1814a6c7949bbe646d968bb4fa9"

[[package]]
name = "num_cpus"
version = "1.8.0"
source = "registry+https://github.com/rust-lang/crates.io-index"
checksum = "c51a3322e4bca9d212ad9a158a02abc6934d005490c054a2778df73a70aa0a30"
dependencies = [
 "libc",
]

[[package]]
name = "pin-api"
version = "0.2.1"
source = "registry+https://github.com/rust-lang/crates.io-index"
checksum = "4806efe6dbda279bde1fe6e07de93e0a022487f290b5dee3e465793e1c34f7ad"

[[package]]
name = "winapi"
version = "0.2.8"
source = "registry+https://github.com/rust-lang/crates.io-index"
checksum = "167dc9d6949a9b857f3451275e911c3f44255842c1f7a76f33c55103a909087a"
